
Microsoft Visual Studio Solution File, Format Version 12.00
# Visual Studio Version 17
VisualStudioVersion = 17.13.35931.197 d17.13
MinimumVisualStudioVersion = 10.0.40219.1
Project("{FAE04EC0-301F-11D3-BF4B-00C04F79EFBC}") = "Semaforo", "Semaforo\Semaforo.csproj", "{4A0F55BF-972D-4F2C-8621-C7EF41119587}"
EndProject
Global
	GlobalSection(SolutionConfigurationPlatforms) = preSolution
		Debug|Any CPU = Debug|Any CPU
		Release|Any CPU = Release|Any CPU
	EndGlobalSection
	GlobalSection(ProjectConfigurationPlatforms) = postSolution
		{4A0F55BF-972D-4F2C-8621-C7EF41119587}.Debug|Any CPU.ActiveCfg = Debug|Any CPU
		{4A0F55BF-972D-4F2C-8621-C7EF41119587}.Debug|Any CPU.Build.0 = Debug|Any CPU
		{4A0F55BF-972D-4F2C-8621-C7EF41119587}.Release|Any CPU.ActiveCfg = Release|Any CPU
		{4A0F55BF-972D-4F2C-8621-C7EF41119587}.Release|Any CPU.Build.0 = Release|Any CPU
	EndGlobalSection
	GlobalSection(SolutionProperties) = preSolution
		HideSolutionNode = FALSE
	EndGlobalSection
	GlobalSection(ExtensibilityGlobals) = postSolution
		SolutionGuid = {3ADFD9A3-24FD-4D24-AF16-53B379951699}
	EndGlobalSection
EndGlobal
